
Microsoft Visual Studio Solution File, Format Version 12.00
# Visual Studio Version 16
VisualStudioVersion = 16.0.30503.244
MinimumVisualStudioVersion = 10.0.40219.1
Project("{FAE04EC0-301F-11D3-BF4B-00C04F79EFBC}") = "OnlineShop.Web", "OnlineShop.Web\OnlineShop.Web.csproj", "{3C4482EA-E54A-470D-8565-64B76625AC44}"
EndProject
Global
	GlobalSection(SolutionConfigurationPlatforms) = preSolution
		Debug|Any CPU = Debug|Any CPU
		Release|Any CPU = Release|Any CPU
	EndGlobalSection
	GlobalSection(ProjectConfigurationPlatforms) = postSolution
		{3C4482EA-E54A-470D-8565-64B76625AC44}.Debug|Any CPU.ActiveCfg = Debug|Any CPU
		{3C4482EA-E54A-470D-8565-64B76625AC44}.Debug|Any CPU.Build.0 = Debug|Any CPU
		{3C4482EA-E54A-470D-8565-64B76625AC44}.Release|Any CPU.ActiveCfg = Release|Any CPU
		{3C4482EA-E54A-470D-8565-64B76625AC44}.Release|Any CPU.Build.0 = Release|Any CPU
	EndGlobalSection
	GlobalSection(SolutionProperties) = preSolution
		HideSolutionNode = FALSE
	EndGlobalSection
	GlobalSection(ExtensibilityGlobals) = postSolution
		SolutionGuid = {1AAE9AEB-E2BF-4309-A306-E41882889979}
	EndGlobalSection
EndGlobal
